
Microsoft Visual Studio Solution File, Format Version 12.00
# Visual Studio Version 16
VisualStudioVersion = 16.0.33423.256
MinimumVisualStudioVersion = 10.0.40219.1
Project("{F184B08F-C81C-45F6-A57F-5ABD9991F28F}") = "controle", "controle\controle.vbproj", "{FD31419C-4E56-44B9-80EC-48C61CF8D3FF}"
EndProject
Global
	GlobalSection(SolutionConfigurationPlatforms) = preSolution
		Debug|Any CPU = Debug|Any CPU
		Release|Any CPU = Release|Any CPU
	EndGlobalSection
	GlobalSection(ProjectConfigurationPlatforms) = postSolution
		{FD31419C-4E56-44B9-80EC-48C61CF8D3FF}.Debug|Any CPU.ActiveCfg = Debug|Any CPU
		{FD31419C-4E56-44B9-80EC-48C61CF8D3FF}.Debug|Any CPU.Build.0 = Debug|Any CPU
		{FD31419C-4E56-44B9-80EC-48C61CF8D3FF}.Release|Any CPU.ActiveCfg = Release|Any CPU
		{FD31419C-4E56-44B9-80EC-48C61CF8D3FF}.Release|Any CPU.Build.0 = Release|Any CPU
	EndGlobalSection
	GlobalSection(SolutionProperties) = preSolution
		HideSolutionNode = FALSE
	EndGlobalSection
	GlobalSection(ExtensibilityGlobals) = postSolution
		SolutionGuid = {43CE3C18-E011-42A8-A351-81461FEA7F52}
	EndGlobalSection
EndGlobal
